
Microsoft Visual Studio Solution File, Format Version 12.00
# Visual Studio Version 16
VisualStudioVersion = 16.0.32228.343
MinimumVisualStudioVersion = 10.0.40219.1
Project("{2150E333-8FDC-42A3-9474-1A3956D46DE8}") = "Chapter02", "Chapter02", "{8B00C031-172B-4A77-A0AD-9907CFA9FC8F}"
EndProject
Project("{FAE04EC0-301F-11D3-BF4B-00C04F79EFBC}") = "DistanceConverter", "Chapter02\DistanceConverter\DistanceConverter.csproj", "{13001123-3233-4D03-8783-8668D3B21878}"
EndProject
Project("{FAE04EC0-301F-11D3-BF4B-00C04F79EFBC}") = "SalesCalculator", "Chapter02\SalesCalculator\SalesCalculator.csproj", "{F6387535-67FF-4EFD-B19E-2514C4E8EF4E}"
EndProject
Project("{FAE04EC0-301F-11D3-BF4B-00C04F79EFBC}") = "Exercise", "Chapter02\Exercise\Exercise.csproj", "{BC64739B-8FDB-44DB-BB20-2D76F4C0208B}"
EndProject
Project("{FAE04EC0-301F-11D3-BF4B-00C04F79EFBC}") = "Exercise02", "Chapter02\Exercise02\Exercise02.csproj", "{98EB3338-795D-44F8-8456-77D993911922}"
EndProject
Project("{FAE04EC0-301F-11D3-BF4B-00C04F79EFBC}") = "Exercise03", "Chapter02\Exercise03\Exercise03.csproj", "{3AC13CEE-A6CB-4148-BCFC-B46BEDCC094D}"
EndProject
Project("{2150E333-8FDC-42A3-9474-1A3956D46DE8}") = "Chapter03", "Chapter03", "{8A825A87-47AB-4BF6-88BC-5FCC4EFE4C7C}"
EndProject
Project("{FAE04EC0-301F-11D3-BF4B-00C04F79EFBC}") = "Section01", "Chapter03\Section01\Section01.csproj", "{C65883E9-6EF3-4B31-A1BB-1C622A1497DA}"
EndProject
Project("{FAE04EC0-301F-11D3-BF4B-00C04F79EFBC}") = "Exercise01", "Chapter03\Exercise01\Exercise01.csproj", "{FEBCD23F-E911-490B-99FA-A8AA706FAC57}"
EndProject
Global
	GlobalSection(SolutionConfigurationPlatforms) = preSolution
		Debug|Any CPU = Debug|Any CPU
		Release|Any CPU = Release|Any CPU
	EndGlobalSection
	GlobalSection(ProjectConfigurationPlatforms) = postSolution
		{13001123-3233-4D03-8783-8668D3B21878}.Debug|Any CPU.ActiveCfg = Debug|Any CPU
		{13001123-3233-4D03-8783-8668D3B21878}.Debug|Any CPU.Build.0 = Debug|Any CPU
		{13001123-3233-4D03-8783-8668D3B21878}.Release|Any CPU.ActiveCfg = Release|Any CPU
		{13001123-3233-4D03-8783-8668D3B21878}.Release|Any CPU.Build.0 = Release|Any CPU
		{F6387535-67FF-4EFD-B19E-2514C4E8EF4E}.Debug|Any CPU.ActiveCfg = Debug|Any CPU
		{F6387535-67FF-4EFD-B19E-2514C4E8EF4E}.Debug|Any CPU.Build.0 = Debug|Any CPU
		{F6387535-67FF-4EFD-B19E-2514C4E8EF4E}.Release|Any CPU.ActiveCfg = Release|Any CPU
		{F6387535-67FF-4EFD-B19E-2514C4E8EF4E}.Release|Any CPU.Build.0 = Release|Any CPU
		{BC64739B-8FDB-44DB-BB20-2D76F4C0208B}.Debug|Any CPU.ActiveCfg = Debug|Any CPU
		{BC64739B-8FDB-44DB-BB20-2D76F4C0208B}.Debug|Any CPU.Build.0 = Debug|Any CPU
		{BC64739B-8FDB-44DB-BB20-2D76F4C0208B}.Release|Any CPU.ActiveCfg = Release|Any CPU
		{BC64739B-8FDB-44DB-BB20-2D76F4C0208B}.Release|Any CPU.Build.0 = Release|Any CPU
		{98EB3338-795D-44F8-8456-77D993911922}.Debug|Any CPU.ActiveCfg = Debug|Any CPU
		{98EB3338-795D-44F8-8456-77D993911922}.Debug|Any CPU.Build.0 = Debug|Any CPU
		{98EB3338-795D-44F8-8456-77D993911922}.Release|Any CPU.ActiveCfg = Release|Any CPU
		{98EB3338-795D-44F8-8456-77D993911922}.Release|Any CPU.Build.0 = Release|Any CPU
		{3AC13CEE-A6CB-4148-BCFC-B46BEDCC094D}.Debug|Any CPU.ActiveCfg = Debug|Any CPU
		{3AC13CEE-A6CB-4148-BCFC-B46BEDCC094D}.Debug|Any CPU.Build.0 = Debug|Any CPU
		{3AC13CEE-A6CB-4148-BCFC-B46BEDCC094D}.Release|Any CPU.ActiveCfg = Release|Any CPU
		{3AC13CEE-A6CB-4148-BCFC-B46BEDCC094D}.Release|Any CPU.Build.0 = Release|Any CPU
		{C65883E9-6EF3-4B31-A1BB-1C622A1497DA}.Debug|Any CPU.ActiveCfg = Debug|Any CPU
		{C65883E9-6EF3-4B31-A1BB-1C622A1497DA}.Debug|Any CPU.Build.0 = Debug|Any CPU
		{C65883E9-6EF3-4B31-A1BB-1C622A1497DA}.Release|Any CPU.ActiveCfg = Release|Any CPU
		{C65883E9-6EF3-4B31-A1BB-1C622A1497DA}.Release|Any CPU.Build.0 = Release|Any CPU
		{FEBCD23F-E911-490B-99FA-A8AA706FAC57}.Debug|Any CPU.ActiveCfg = Debug|Any CPU
		{FEBCD23F-E911-490B-99FA-A8AA706FAC57}.Debug|Any CPU.Build.0 = Debug|Any CPU
		{FEBCD23F-E911-490B-99FA-A8AA706FAC57}.Release|Any CPU.ActiveCfg = Release|Any CPU
		{FEBCD23F-E911-490B-99FA-A8AA706FAC57}.Release|Any CPU.Build.0 = Release|Any CPU
	EndGlobalSection
	GlobalSection(SolutionProperties) = preSolution
		HideSolutionNode = FALSE
	EndGlobalSection
	GlobalSection(NestedProjects) = preSolution
		{13001123-3233-4D03-8783-8668D3B21878} = {8B00C031-172B-4A77-A0AD-9907CFA9FC8F}
		{F6387535-67FF-4EFD-B19E-2514C4E8EF4E} = {8B00C031-172B-4A77-A0AD-9907CFA9FC8F}
		{BC64739B-8FDB-44DB-BB20-2D76F4C0208B} = {8B00C031-172B-4A77-A0AD-9907CFA9FC8F}
		{98EB3338-795D-44F8-8456-77D993911922} = {8B00C031-172B-4A77-A0AD-9907CFA9FC8F}
		{3AC13CEE-A6CB-4148-BCFC-B46BEDCC094D} = {8B00C031-172B-4A77-A0AD-9907CFA9FC8F}
		{C65883E9-6EF3-4B31-A1BB-1C622A1497DA} = {8A825A87-47AB-4BF6-88BC-5FCC4EFE4C7C}
		{FEBCD23F-E911-490B-99FA-A8AA706FAC57} = {8A825A87-47AB-4BF6-88BC-5FCC4EFE4C7C}
	EndGlobalSection
	GlobalSection(ExtensibilityGlobals) = postSolution
		SolutionGuid = {B1EA921C-810E-4716-A75C-C7E515900697}
	EndGlobalSection
EndGlobal
