
Microsoft Visual Studio Solution File, Format Version 12.00
# Visual Studio Version 16
VisualStudioVersion = 16.0.32228.343
MinimumVisualStudioVersion = 10.0.40219.1
Project("{2150E333-8FDC-42A3-9474-1A3956D46DE8}") = "Chapter02", "Chapter02", "{8B00C031-172B-4A77-A0AD-9907CFA9FC8F}"
EndProject
Project("{FAE04EC0-301F-11D3-BF4B-00C04F79EFBC}") = "DistanceConverter", "Chapter02\DistanceConverter\DistanceConverter.csproj", "{13001123-3233-4D03-8783-8668D3B21878}"
EndProject
Project("{FAE04EC0-301F-11D3-BF4B-00C04F79EFBC}") = "SalesCalculator", "Chapter02\SalesCalculator\SalesCalculator.csproj", "{F6387535-67FF-4EFD-B19E-2514C4E8EF4E}"
EndProject
Project("{FAE04EC0-301F-11D3-BF4B-00C04F79EFBC}") = "Exercise", "Chapter02\Exercise\Exercise.csproj", "{BC64739B-8FDB-44DB-BB20-2D76F4C0208B}"
EndProject
Project("{FAE04EC0-301F-11D3-BF4B-00C04F79EFBC}") = "Exercise02", "Chapter02\Exercise02\Exercise02.csproj", "{98EB3338-795D-44F8-8456-77D993911922}"
EndProject
Project("{FAE04EC0-301F-11D3-BF4B-00C04F79EFBC}") = "Exercise03", "Chapter02\Exercise03\Exercise03.csproj", "{3AC13CEE-A6CB-4148-BCFC-B46BEDCC094D}"
EndProject
Project("{2150E333-8FDC-42A3-9474-1A3956D46DE8}") = "Chapter03", "Chapter03", "{8A825A87-47AB-4BF6-88BC-5FCC4EFE4C7C}"
EndProject
Project("{FAE04EC0-301F-11D3-BF4B-00C04F79EFBC}") = "Section01", "Chapter03\Section01\Section01.csproj", "{C65883E9-6EF3-4B31-A1BB-1C622A1497DA}"
EndProject
Project("{FAE04EC0-301F-11D3-BF4B-00C04F79EFBC}") = "Exercise01", "Chapter03\Exercise01\Exercise01.csproj", "{FEBCD23F-E911-490B-99FA-A8AA706FAC57}"
EndProject
Project("{FAE04EC0-301F-11D3-BF4B-00C04F79EFBC}") = "Section04", "Chapter03\Section04\Section04.csproj", "{13EB7658-30FB-4EA8-8601-71C3C6237BE2}"
EndProject
Project("{FAE04EC0-301F-11D3-BF4B-00C04F79EFBC}") = "Exercise02", "Chapter03\Exercise02\Exercise02.csproj", "{3FEC81EB-0962-4D0C-A86D-BA27CA26B25E}"
EndProject
Project("{2150E333-8FDC-42A3-9474-1A3956D46DE8}") = "Chapter04", "Chapter04", "{451A1303-3605-44E4-AD50-5E421F492CF6}"
EndProject
Project("{FAE04EC0-301F-11D3-BF4B-00C04F79EFBC}") = "Exercise01", "Chapter04\Exercise01\Exercise01.csproj", "{84B70AE3-9A48-467D-9F9B-830AD9B512E8}"
EndProject
Project("{FAE04EC0-301F-11D3-BF4B-00C04F79EFBC}") = "Exercise02", "Chapter04\Exercise02\Exercise02.csproj", "{6AB67DAF-D832-4771-96A5-77E859E1F33D}"
EndProject
Project("{2150E333-8FDC-42A3-9474-1A3956D46DE8}") = "Chapter05", "Chapter05", "{B8D54CFC-CE8E-40D0-A0C6-E351D3D22969}"
EndProject
Project("{FAE04EC0-301F-11D3-BF4B-00C04F79EFBC}") = "Exercise01", "Chapter05\Exercise01\Exercise01.csproj", "{556FEEFD-769C-4AA1-99EF-137256BE2FCC}"
EndProject
Project("{FAE04EC0-301F-11D3-BF4B-00C04F79EFBC}") = "Exercise02", "Chapter05\Exercise02\Exercise02.csproj", "{96A21E12-48C7-4197-89FF-A990F98C5560}"
EndProject
Project("{FAE04EC0-301F-11D3-BF4B-00C04F79EFBC}") = "Exercise03", "Chapter05\Exercise03\Exercise03.csproj", "{74DE84F3-6E98-4D71-A335-D7F9925EFE77}"
EndProject
Project("{FAE04EC0-301F-11D3-BF4B-00C04F79EFBC}") = "Exercise04", "Chapter05\Exercise04\Exercise04.csproj", "{499C6CD0-BBDB-4469-AEB6-5EB7F3AA34B9}"
EndProject
Project("{2150E333-8FDC-42A3-9474-1A3956D46DE8}") = "Chapter06", "Chapter06", "{5F8E03B8-436C-4D3A-8C5A-BCC5FC765E4A}"
EndProject
Project("{FAE04EC0-301F-11D3-BF4B-00C04F79EFBC}") = "Exercise01", "Chapter06\Exercise01\Exercise01.csproj", "{8476D3A0-0111-4D6F-90AC-EB8D332E6285}"
EndProject
Project("{FAE04EC0-301F-11D3-BF4B-00C04F79EFBC}") = "Exercise02", "Chapter06\Exercise02\Exercise02.csproj", "{22E7EE2A-8996-4DEF-9EE7-318E82F14A96}"
EndProject
Project("{2150E333-8FDC-42A3-9474-1A3956D46DE8}") = "FormAppSample", "FormAppSample", "{EB8A863E-0535-40A0-8345-ED290CBA7E24}"
EndProject
Project("{FAE04EC0-301F-11D3-BF4B-00C04F79EFBC}") = "Sample0603", "FormAppSample\Sample0603\Sample0603.csproj", "{48BE30C3-9055-47B9-BE23-6BEF0A82B770}"
EndProject
Project("{FAE04EC0-301F-11D3-BF4B-00C04F79EFBC}") = "Sample0607", "FormAppSample\Sample0607\Sample0607.csproj", "{36DA1237-5EBF-46EA-898B-8179E77B3082}"
EndProject
Project("{FAE04EC0-301F-11D3-BF4B-00C04F79EFBC}") = "NumberGame", "FormAppSample\NumberGame\NumberGame.csproj", "{7EC3B2F1-C377-4DA3-8ED7-E1AA35EAA128}"
EndProject
Project("{FAE04EC0-301F-11D3-BF4B-00C04F79EFBC}") = "AddressBook", "FormAppSample\AddressBook\AddressBook.csproj", "{8D417D77-3EA4-44C3-975B-276CF01F8905}"
EndProject
Project("{2150E333-8FDC-42A3-9474-1A3956D46DE8}") = "Test202206", "Test202206", "{0B0DEE8A-9F19-43C3-BDB8-F048BD514C40}"
EndProject
Project("{FAE04EC0-301F-11D3-BF4B-00C04F79EFBC}") = "Test01", "Test202206\TestProject\Test01\Test01.csproj", "{2BFACDC3-F44D-4199-8498-F5C3C4AC0335}"
EndProject
Project("{FAE04EC0-301F-11D3-BF4B-00C04F79EFBC}") = "Test02", "Test202206\TestProject\Test02\Test02.csproj", "{E461C0A8-8900-485C-B520-E929BA33F712}"
EndProject
Project("{2150E333-8FDC-42A3-9474-1A3956D46DE8}") = "Chapter11", "Chapter11", "{F7C529FC-E1A9-4B37-8E3E-6DA878B33EB6}"
EndProject
Project("{FAE04EC0-301F-11D3-BF4B-00C04F79EFBC}") = "XmlSample", "Chapter11\XmlSample\XmlSample.csproj", "{C4894CEE-520A-406A-BC59-9F17B49D1800}"
EndProject
Global
	GlobalSection(SolutionConfigurationPlatforms) = preSolution
		Debug|Any CPU = Debug|Any CPU
		Release|Any CPU = Release|Any CPU
	EndGlobalSection
	GlobalSection(ProjectConfigurationPlatforms) = postSolution
		{13001123-3233-4D03-8783-8668D3B21878}.Debug|Any CPU.ActiveCfg = Debug|Any CPU
		{13001123-3233-4D03-8783-8668D3B21878}.Debug|Any CPU.Build.0 = Debug|Any CPU
		{13001123-3233-4D03-8783-8668D3B21878}.Release|Any CPU.ActiveCfg = Release|Any CPU
		{13001123-3233-4D03-8783-8668D3B21878}.Release|Any CPU.Build.0 = Release|Any CPU
		{F6387535-67FF-4EFD-B19E-2514C4E8EF4E}.Debug|Any CPU.ActiveCfg = Debug|Any CPU
		{F6387535-67FF-4EFD-B19E-2514C4E8EF4E}.Debug|Any CPU.Build.0 = Debug|Any CPU
		{F6387535-67FF-4EFD-B19E-2514C4E8EF4E}.Release|Any CPU.ActiveCfg = Release|Any CPU
		{F6387535-67FF-4EFD-B19E-2514C4E8EF4E}.Release|Any CPU.Build.0 = Release|Any CPU
		{BC64739B-8FDB-44DB-BB20-2D76F4C0208B}.Debug|Any CPU.ActiveCfg = Debug|Any CPU
		{BC64739B-8FDB-44DB-BB20-2D76F4C0208B}.Debug|Any CPU.Build.0 = Debug|Any CPU
		{BC64739B-8FDB-44DB-BB20-2D76F4C0208B}.Release|Any CPU.ActiveCfg = Release|Any CPU
		{BC64739B-8FDB-44DB-BB20-2D76F4C0208B}.Release|Any CPU.Build.0 = Release|Any CPU
		{98EB3338-795D-44F8-8456-77D993911922}.Debug|Any CPU.ActiveCfg = Debug|Any CPU
		{98EB3338-795D-44F8-8456-77D993911922}.Debug|Any CPU.Build.0 = Debug|Any CPU
		{98EB3338-795D-44F8-8456-77D993911922}.Release|Any CPU.ActiveCfg = Release|Any CPU
		{98EB3338-795D-44F8-8456-77D993911922}.Release|Any CPU.Build.0 = Release|Any CPU
		{3AC13CEE-A6CB-4148-BCFC-B46BEDCC094D}.Debug|Any CPU.ActiveCfg = Debug|Any CPU
		{3AC13CEE-A6CB-4148-BCFC-B46BEDCC094D}.Debug|Any CPU.Build.0 = Debug|Any CPU
		{3AC13CEE-A6CB-4148-BCFC-B46BEDCC094D}.Release|Any CPU.ActiveCfg = Release|Any CPU
		{3AC13CEE-A6CB-4148-BCFC-B46BEDCC094D}.Release|Any CPU.Build.0 = Release|Any CPU
		{C65883E9-6EF3-4B31-A1BB-1C622A1497DA}.Debug|Any CPU.ActiveCfg = Debug|Any CPU
		{C65883E9-6EF3-4B31-A1BB-1C622A1497DA}.Debug|Any CPU.Build.0 = Debug|Any CPU
		{C65883E9-6EF3-4B31-A1BB-1C622A1497DA}.Release|Any CPU.ActiveCfg = Release|Any CPU
		{C65883E9-6EF3-4B31-A1BB-1C622A1497DA}.Release|Any CPU.Build.0 = Release|Any CPU
		{FEBCD23F-E911-490B-99FA-A8AA706FAC57}.Debug|Any CPU.ActiveCfg = Debug|Any CPU
		{FEBCD23F-E911-490B-99FA-A8AA706FAC57}.Debug|Any CPU.Build.0 = Debug|Any CPU
		{FEBCD23F-E911-490B-99FA-A8AA706FAC57}.Release|Any CPU.ActiveCfg = Release|Any CPU
		{FEBCD23F-E911-490B-99FA-A8AA706FAC57}.Release|Any CPU.Build.0 = Release|Any CPU
		{13EB7658-30FB-4EA8-8601-71C3C6237BE2}.Debug|Any CPU.ActiveCfg = Debug|Any CPU
		{13EB7658-30FB-4EA8-8601-71C3C6237BE2}.Debug|Any CPU.Build.0 = Debug|Any CPU
		{13EB7658-30FB-4EA8-8601-71C3C6237BE2}.Release|Any CPU.ActiveCfg = Release|Any CPU
		{13EB7658-30FB-4EA8-8601-71C3C6237BE2}.Release|Any CPU.Build.0 = Release|Any CPU
		{3FEC81EB-0962-4D0C-A86D-BA27CA26B25E}.Debug|Any CPU.ActiveCfg = Debug|Any CPU
		{3FEC81EB-0962-4D0C-A86D-BA27CA26B25E}.Debug|Any CPU.Build.0 = Debug|Any CPU
		{3FEC81EB-0962-4D0C-A86D-BA27CA26B25E}.Release|Any CPU.ActiveCfg = Release|Any CPU
		{3FEC81EB-0962-4D0C-A86D-BA27CA26B25E}.Release|Any CPU.Build.0 = Release|Any CPU
		{84B70AE3-9A48-467D-9F9B-830AD9B512E8}.Debug|Any CPU.ActiveCfg = Debug|Any CPU
		{84B70AE3-9A48-467D-9F9B-830AD9B512E8}.Debug|Any CPU.Build.0 = Debug|Any CPU
		{84B70AE3-9A48-467D-9F9B-830AD9B512E8}.Release|Any CPU.ActiveCfg = Release|Any CPU
		{84B70AE3-9A48-467D-9F9B-830AD9B512E8}.Release|Any CPU.Build.0 = Release|Any CPU
		{6AB67DAF-D832-4771-96A5-77E859E1F33D}.Debug|Any CPU.ActiveCfg = Debug|Any CPU
		{6AB67DAF-D832-4771-96A5-77E859E1F33D}.Debug|Any CPU.Build.0 = Debug|Any CPU
		{6AB67DAF-D832-4771-96A5-77E859E1F33D}.Release|Any CPU.ActiveCfg = Release|Any CPU
		{6AB67DAF-D832-4771-96A5-77E859E1F33D}.Release|Any CPU.Build.0 = Release|Any CPU
		{556FEEFD-769C-4AA1-99EF-137256BE2FCC}.Debug|Any CPU.ActiveCfg = Debug|Any CPU
		{556FEEFD-769C-4AA1-99EF-137256BE2FCC}.Debug|Any CPU.Build.0 = Debug|Any CPU
		{556FEEFD-769C-4AA1-99EF-137256BE2FCC}.Release|Any CPU.ActiveCfg = Release|Any CPU
		{556FEEFD-769C-4AA1-99EF-137256BE2FCC}.Release|Any CPU.Build.0 = Release|Any CPU
		{96A21E12-48C7-4197-89FF-A990F98C5560}.Debug|Any CPU.ActiveCfg = Debug|Any CPU
		{96A21E12-48C7-4197-89FF-A990F98C5560}.Debug|Any CPU.Build.0 = Debug|Any CPU
		{96A21E12-48C7-4197-89FF-A990F98C5560}.Release|Any CPU.ActiveCfg = Release|Any CPU
		{96A21E12-48C7-4197-89FF-A990F98C5560}.Release|Any CPU.Build.0 = Release|Any CPU
		{74DE84F3-6E98-4D71-A335-D7F9925EFE77}.Debug|Any CPU.ActiveCfg = Debug|Any CPU
		{74DE84F3-6E98-4D71-A335-D7F9925EFE77}.Debug|Any CPU.Build.0 = Debug|Any CPU
		{74DE84F3-6E98-4D71-A335-D7F9925EFE77}.Release|Any CPU.ActiveCfg = Release|Any CPU
		{74DE84F3-6E98-4D71-A335-D7F9925EFE77}.Release|Any CPU.Build.0 = Release|Any CPU
		{499C6CD0-BBDB-4469-AEB6-5EB7F3AA34B9}.Debug|Any CPU.ActiveCfg = Debug|Any CPU
		{499C6CD0-BBDB-4469-AEB6-5EB7F3AA34B9}.Debug|Any CPU.Build.0 = Debug|Any CPU
		{499C6CD0-BBDB-4469-AEB6-5EB7F3AA34B9}.Release|Any CPU.ActiveCfg = Release|Any CPU
		{499C6CD0-BBDB-4469-AEB6-5EB7F3AA34B9}.Release|Any CPU.Build.0 = Release|Any CPU
		{8476D3A0-0111-4D6F-90AC-EB8D332E6285}.Debug|Any CPU.ActiveCfg = Debug|Any CPU
		{8476D3A0-0111-4D6F-90AC-EB8D332E6285}.Debug|Any CPU.Build.0 = Debug|Any CPU
		{8476D3A0-0111-4D6F-90AC-EB8D332E6285}.Release|Any CPU.ActiveCfg = Release|Any CPU
		{8476D3A0-0111-4D6F-90AC-EB8D332E6285}.Release|Any CPU.Build.0 = Release|Any CPU
		{22E7EE2A-8996-4DEF-9EE7-318E82F14A96}.Debug|Any CPU.ActiveCfg = Debug|Any CPU
		{22E7EE2A-8996-4DEF-9EE7-318E82F14A96}.Debug|Any CPU.Build.0 = Debug|Any CPU
		{22E7EE2A-8996-4DEF-9EE7-318E82F14A96}.Release|Any CPU.ActiveCfg = Release|Any CPU
		{22E7EE2A-8996-4DEF-9EE7-318E82F14A96}.Release|Any CPU.Build.0 = Release|Any CPU
		{48BE30C3-9055-47B9-BE23-6BEF0A82B770}.Debug|Any CPU.ActiveCfg = Debug|Any CPU
		{48BE30C3-9055-47B9-BE23-6BEF0A82B770}.Debug|Any CPU.Build.0 = Debug|Any CPU
		{48BE30C3-9055-47B9-BE23-6BEF0A82B770}.Release|Any CPU.ActiveCfg = Release|Any CPU
		{48BE30C3-9055-47B9-BE23-6BEF0A82B770}.Release|Any CPU.Build.0 = Release|Any CPU
		{36DA1237-5EBF-46EA-898B-8179E77B3082}.Debug|Any CPU.ActiveCfg = Debug|Any CPU
		{36DA1237-5EBF-46EA-898B-8179E77B3082}.Debug|Any CPU.Build.0 = Debug|Any CPU
		{36DA1237-5EBF-46EA-898B-8179E77B3082}.Release|Any CPU.ActiveCfg = Release|Any CPU
		{36DA1237-5EBF-46EA-898B-8179E77B3082}.Release|Any CPU.Build.0 = Release|Any CPU
		{7EC3B2F1-C377-4DA3-8ED7-E1AA35EAA128}.Debug|Any CPU.ActiveCfg = Debug|Any CPU
		{7EC3B2F1-C377-4DA3-8ED7-E1AA35EAA128}.Debug|Any CPU.Build.0 = Debug|Any CPU
		{7EC3B2F1-C377-4DA3-8ED7-E1AA35EAA128}.Release|Any CPU.ActiveCfg = Release|Any CPU
		{7EC3B2F1-C377-4DA3-8ED7-E1AA35EAA128}.Release|Any CPU.Build.0 = Release|Any CPU
		{8D417D77-3EA4-44C3-975B-276CF01F8905}.Debug|Any CPU.ActiveCfg = Debug|Any CPU
		{8D417D77-3EA4-44C3-975B-276CF01F8905}.Debug|Any CPU.Build.0 = Debug|Any CPU
		{8D417D77-3EA4-44C3-975B-276CF01F8905}.Release|Any CPU.ActiveCfg = Release|Any CPU
		{8D417D77-3EA4-44C3-975B-276CF01F8905}.Release|Any CPU.Build.0 = Release|Any CPU
		{2BFACDC3-F44D-4199-8498-F5C3C4AC0335}.Debug|Any CPU.ActiveCfg = Debug|Any CPU
		{2BFACDC3-F44D-4199-8498-F5C3C4AC0335}.Debug|Any CPU.Build.0 = Debug|Any CPU
		{2BFACDC3-F44D-4199-8498-F5C3C4AC0335}.Release|Any CPU.ActiveCfg = Release|Any CPU
		{2BFACDC3-F44D-4199-8498-F5C3C4AC0335}.Release|Any CPU.Build.0 = Release|Any CPU
		{E461C0A8-8900-485C-B520-E929BA33F712}.Debug|Any CPU.ActiveCfg = Debug|Any CPU
		{E461C0A8-8900-485C-B520-E929BA33F712}.Debug|Any CPU.Build.0 = Debug|Any CPU
		{E461C0A8-8900-485C-B520-E929BA33F712}.Release|Any CPU.ActiveCfg = Release|Any CPU
		{E461C0A8-8900-485C-B520-E929BA33F712}.Release|Any CPU.Build.0 = Release|Any CPU
		{C4894CEE-520A-406A-BC59-9F17B49D1800}.Debug|Any CPU.ActiveCfg = Debug|Any CPU
		{C4894CEE-520A-406A-BC59-9F17B49D1800}.Debug|Any CPU.Build.0 = Debug|Any CPU
		{C4894CEE-520A-406A-BC59-9F17B49D1800}.Release|Any CPU.ActiveCfg = Release|Any CPU
		{C4894CEE-520A-406A-BC59-9F17B49D1800}.Release|Any CPU.Build.0 = Release|Any CPU
	EndGlobalSection
	GlobalSection(SolutionProperties) = preSolution
		HideSolutionNode = FALSE
	EndGlobalSection
	GlobalSection(NestedProjects) = preSolution
		{13001123-3233-4D03-8783-8668D3B21878} = {8B00C031-172B-4A77-A0AD-9907CFA9FC8F}
		{F6387535-67FF-4EFD-B19E-2514C4E8EF4E} = {8B00C031-172B-4A77-A0AD-9907CFA9FC8F}
		{BC64739B-8FDB-44DB-BB20-2D76F4C0208B} = {8B00C031-172B-4A77-A0AD-9907CFA9FC8F}
		{98EB3338-795D-44F8-8456-77D993911922} = {8B00C031-172B-4A77-A0AD-9907CFA9FC8F}
		{3AC13CEE-A6CB-4148-BCFC-B46BEDCC094D} = {8B00C031-172B-4A77-A0AD-9907CFA9FC8F}
		{C65883E9-6EF3-4B31-A1BB-1C622A1497DA} = {8A825A87-47AB-4BF6-88BC-5FCC4EFE4C7C}
		{FEBCD23F-E911-490B-99FA-A8AA706FAC57} = {8A825A87-47AB-4BF6-88BC-5FCC4EFE4C7C}
		{13EB7658-30FB-4EA8-8601-71C3C6237BE2} = {8A825A87-47AB-4BF6-88BC-5FCC4EFE4C7C}
		{3FEC81EB-0962-4D0C-A86D-BA27CA26B25E} = {8A825A87-47AB-4BF6-88BC-5FCC4EFE4C7C}
		{84B70AE3-9A48-467D-9F9B-830AD9B512E8} = {451A1303-3605-44E4-AD50-5E421F492CF6}
		{6AB67DAF-D832-4771-96A5-77E859E1F33D} = {451A1303-3605-44E4-AD50-5E421F492CF6}
		{556FEEFD-769C-4AA1-99EF-137256BE2FCC} = {B8D54CFC-CE8E-40D0-A0C6-E351D3D22969}
		{96A21E12-48C7-4197-89FF-A990F98C5560} = {B8D54CFC-CE8E-40D0-A0C6-E351D3D22969}
		{74DE84F3-6E98-4D71-A335-D7F9925EFE77} = {B8D54CFC-CE8E-40D0-A0C6-E351D3D22969}
		{499C6CD0-BBDB-4469-AEB6-5EB7F3AA34B9} = {B8D54CFC-CE8E-40D0-A0C6-E351D3D22969}
		{8476D3A0-0111-4D6F-90AC-EB8D332E6285} = {5F8E03B8-436C-4D3A-8C5A-BCC5FC765E4A}
		{22E7EE2A-8996-4DEF-9EE7-318E82F14A96} = {5F8E03B8-436C-4D3A-8C5A-BCC5FC765E4A}
		{48BE30C3-9055-47B9-BE23-6BEF0A82B770} = {EB8A863E-0535-40A0-8345-ED290CBA7E24}
		{36DA1237-5EBF-46EA-898B-8179E77B3082} = {EB8A863E-0535-40A0-8345-ED290CBA7E24}
		{7EC3B2F1-C377-4DA3-8ED7-E1AA35EAA128} = {EB8A863E-0535-40A0-8345-ED290CBA7E24}
		{8D417D77-3EA4-44C3-975B-276CF01F8905} = {EB8A863E-0535-40A0-8345-ED290CBA7E24}
		{2BFACDC3-F44D-4199-8498-F5C3C4AC0335} = {0B0DEE8A-9F19-43C3-BDB8-F048BD514C40}
		{E461C0A8-8900-485C-B520-E929BA33F712} = {0B0DEE8A-9F19-43C3-BDB8-F048BD514C40}
		{C4894CEE-520A-406A-BC59-9F17B49D1800} = {F7C529FC-E1A9-4B37-8E3E-6DA878B33EB6}
	EndGlobalSection
	GlobalSection(ExtensibilityGlobals) = postSolution
		SolutionGuid = {B1EA921C-810E-4716-A75C-C7E515900697}
	EndGlobalSection
EndGlobal
